#MicroXplorer Configuration settings - do not modify
Mcu.Family=STM32F4
ProjectManager.MainLocation=Core/Src
SH.FMC_D7_DA7.0=FMC_D7,sd-16b-d1
SH.FMC_A6.ConfNb=1
SH.FMC_D0_DA0.ConfNb=1
SH.FMC_A8.0=FMC_A8,12b-sda1
SH.FMC_A8.ConfNb=1
RCC.CortexFreq_Value=180000000
SH.FMC_A2.ConfNb=1
SH.FMC_A4.ConfNb=1
SH.FMC_A0.ConfNb=1
SH.FMC_D6_DA6.ConfNb=1
SH.FMC_D9_DA9.ConfNb=1
ProjectManager.KeepUserCode=true
SH.FMC_A0.0=FMC_A0,12b-sda1
Mcu.UserName=STM32F429ZITx
SH.FMC_D14_DA14.0=FMC_D14,sd-16b-d1
PG4.Signal=FMC_A14_BA0
PG8.Signal=FMC_SDCLK
RCC.PLLCLKFreq_Value=180000000
RCC.PLLQCLKFreq_Value=90000000
PG0.Signal=FMC_A10
SH.FMC_NBL0.0=FMC_NBL0,Sd2ByteEnable1
ProjectManager.functionlistsort=1-MX_GPIO_Init-GPIO-false-HAL-true,2-SystemClock_Config-RCC-false-HAL-false,3-MX_FMC_Init-FMC-false-HAL-true
SH.FMC_D6_DA6.0=FMC_D6,sd-16b-d1
VP_RTC_VS_RTC_Activate.Mode=RTC_Enabled
RCC.RTCFreq_Value=32768
PA0/WKUP.Signal=GPIO_Input
PC14/OSC32_IN.Mode=LSE-External-Oscillator
SH.FMC_A14_BA0.0=FMC_BA0,FourSdramBanks1
SH.FMC_SDNWE.ConfNb=1
SH.FMC_A11.0=FMC_A11,12b-sda1
PG14.GPIOParameters=GPIO_Label
SH.FMC_D5_DA5.0=FMC_D5,sd-16b-d1
PG13.Signal=GPIO_Output
PinOutPanel.RotationAngle=0
PG15.Signal=FMC_SDNCAS
RCC.SYSCLKSource=RCC_SYSCLKSOURCE_PLLCLK
ProjectManager.StackSize=0x400
RCC.SAI_BClocksFreq_Value=25000000
SH.FMC_A15_BA1.0=FMC_BA1,FourSdramBanks1
SH.FMC_D9_DA9.0=FMC_D9,sd-16b-d1
Mcu.IP4=SYS
RCC.FCLKCortexFreq_Value=180000000
NVIC.SVCall_IRQn=true\:0\:0\:false\:false\:true\:false\:false
Mcu.IP2=RCC
Mcu.IP3=RTC
Mcu.IP0=FMC
SH.FMC_A7.0=FMC_A7,12b-sda1
Mcu.IP1=NVIC
Mcu.UserConstants=
RCC.LCDTFTFreq_Value=25000000
SH.FMC_SDNWE.0=FMC_SDNWE,12b-sda1
RCC.RCC_RTC_Clock_Source=RCC_RTCCLKSOURCE_LSE
Mcu.ThirdPartyNb=0
PH0/OSC_IN.Mode=HSE-External-Clock-Source
SH.FMC_D11_DA11.0=FMC_D11,sd-16b-d1
RCC.HCLKFreq_Value=180000000
Mcu.IPNb=5
RCC.I2SClocksFreq_Value=192000000
ProjectManager.PreviousToolchain=
RCC.APB2TimFreq_Value=180000000
PB6.Signal=FMC_SDNE1
RCC.VcooutputI2S=192000000
PA0/WKUP.Locked=true
SH.FMC_D10_DA10.ConfNb=1
SH.FMC_NBL1.0=FMC_NBL1,Sd2ByteEnable1
PH1/OSC_OUT.Signal=RCC_OSC_OUT
PF12.Signal=FMC_A6
PB6.Mode=SdramChipSelect2_1
Mcu.Pin6=PF4
PD0.Signal=FMC_D2_DA2
Mcu.Pin7=PF5
PD8.Signal=FMC_D13_DA13
Mcu.Pin8=PH0/OSC_IN
Mcu.Pin9=PH1/OSC_OUT
RCC.VCOSAIOutputFreq_Value=100000000
PE1.Signal=FMC_NBL1
SH.FMC_A10.0=FMC_A10,12b-sda1
RCC.AHBFreq_Value=180000000
Mcu.Pin0=PC14/OSC32_IN
Mcu.Pin1=PC15/OSC32_OUT
Mcu.Pin2=PF0
Mcu.Pin3=PF1
Mcu.Pin4=PF2
Mcu.Pin5=PF3
ProjectManager.ProjectBuild=false
RCC.HSE_VALUE=8000000
PG13.Locked=true
NVIC.UsageFault_IRQn=true\:0\:0\:false\:false\:true\:false\:false
NVIC.DebugMonitor_IRQn=true\:0\:0\:false\:false\:true\:false\:false
SH.FMC_A14_BA0.ConfNb=1
SH.FMC_D8_DA8.0=FMC_D8,sd-16b-d1
NVIC.SysTick_IRQn=true\:0\:0\:false\:false\:false\:false\:true
SH.FMC_D2_DA2.0=FMC_D2,sd-16b-d1
ProjectManager.FirmwarePackage=STM32Cube FW_F4 V1.26.1
MxDb.Version=DB.6.0.21
PE13.Signal=FMC_D10_DA10
ProjectManager.BackupPrevious=false
RCC.VCOInputFreq_Value=2000000
PE9.Signal=FMC_D6_DA6
PA14.Mode=Serial_Wire
SH.FMC_A2.0=FMC_A2,12b-sda1
PF11.Signal=FMC_SDNRAS
SH.FMC_D15_DA15.ConfNb=1
PB5.Mode=SdramChipSelect2_1
File.Version=6
SH.FMC_D5_DA5.ConfNb=1
SH.FMC_D2_DA2.ConfNb=1
SH.FMC_D1_DA1.0=FMC_D1,sd-16b-d1
NVIC.PendSV_IRQn=true\:0\:0\:false\:false\:true\:false\:false
PF3.Signal=FMC_A3
SH.FMC_SDNRAS.0=FMC_SDNRAS,12b-sda1
PH1/OSC_OUT.Mode=HSE-External-Clock-Source
PE10.Signal=FMC_D7_DA7
ProjectManager.HalAssertFull=false
ProjectManager.ProjectName=stm32f429i-disco1
RCC.MCO2PinFreq_Value=180000000
Mcu.Package=LQFP144
SH.FMC_D0_DA0.0=FMC_D0,sd-16b-d1
PG13.GPIOParameters=GPIO_Label
PC14/OSC32_IN.Signal=RCC_OSC32_IN
SH.FMC_D4_DA4.ConfNb=1
ProjectManager.ToolChainLocation=
RCC.LSI_VALUE=32000
SH.FMC_SDNCAS.ConfNb=1
VP_SYS_VS_Systick.Signal=SYS_VS_Systick
SH.FMC_A11.ConfNb=1
SH.FMC_A9.0=FMC_A9,12b-sda1
SH.FMC_D4_DA4.0=FMC_D4,sd-16b-d1
RCC.PLLSAIN=50
PF5.Signal=FMC_A5
SH.FMC_A1.0=FMC_A1,12b-sda1
RCC.APB2CLKDivider=RCC_HCLK_DIV2
SH.FMC_SDCLK.0=FMC_SDCLK,12b-sda1
PF14.Signal=FMC_A8
RCC.APB1TimFreq_Value=90000000
NVIC.BusFault_IRQn=true\:0\:0\:false\:false\:true\:false\:false
PF0.Signal=FMC_A0
PE7.Signal=FMC_D4_DA4
SH.FMC_NBL0.ConfNb=1
PD15.Signal=FMC_D1_DA1
SH.FMC_D3_DA3.0=FMC_D3,sd-16b-d1
ProjectManager.CustomerFirmwarePackage=
RCC.SAI_AClocksFreq_Value=25000000
SH.FMC_D3_DA3.ConfNb=1
SH.FMC_A3.ConfNb=1
VP_RTC_VS_RTC_Activate.Signal=RTC_VS_RTC_Activate
RCC.PLLSourceVirtual=RCC_PLLSOURCE_HSE
SH.FMC_A4.0=FMC_A4,12b-sda1
PA0/WKUP.GPIOParameters=GPIO_Label
SH.FMC_A7.ConfNb=1
ProjectManager.ProjectFileName=stm32f429i-disco1.ioc
SH.FMC_A5.ConfNb=1
SH.FMC_A1.ConfNb=1
SH.FMC_A9.ConfNb=1
Mcu.PinsNb=49
ProjectManager.NoMain=false
PG1.Signal=FMC_A11
PG5.Signal=FMC_A15_BA1
SH.FMC_D10_DA10.0=FMC_D10,sd-16b-d1
SH.FMC_SDCLK.ConfNb=1
PD1.Signal=FMC_D3_DA3
ProjectManager.DefaultFWLocation=true
RCC.VCOSAIOutputFreq_ValueQ=25000000
PD9.Signal=FMC_D14_DA14
RCC.VCOSAIOutputFreq_ValueR=50000000
ProjectManager.DeletePrevious=true
PC0.Signal=FMC_SDNWE
RCC.APB1CLKDivider=RCC_HCLK_DIV4
PG14.Locked=true
PG13.GPIO_Label=LD3 [Green LED]
RCC.FamilyName=M
PD10.Signal=FMC_D15_DA15
PA13.Signal=SYS_JTMS-SWDIO
SH.FMC_A3.0=FMC_A3,12b-sda1
SH.FMC_A15_BA1.ConfNb=1
ProjectManager.TargetToolchain=STM32CubeIDE
SH.FMC_D15_DA15.0=FMC_D15,sd-16b-d1
SH.FMC_D13_DA13.0=FMC_D13,sd-16b-d1
SH.FMC_D1_DA1.ConfNb=1
RCC.VcooutputI2SQ=192000000
PF2.Signal=FMC_A2
ProjectManager.RegisterCallBack=
PE11.Signal=FMC_D8_DA8
Mcu.Pin48=VP_SYS_VS_Systick
Mcu.Pin46=PE1
Mcu.Pin47=VP_RTC_VS_RTC_Activate
RCC.VCOI2SOutputFreq_Value=384000000
Mcu.Pin40=PG13
PG14.Signal=GPIO_Output
Mcu.Pin41=PG14
Mcu.Pin44=PB6
Mcu.Pin45=PE0
Mcu.Pin42=PG15
board=custom
Mcu.Pin43=PB5
RCC.VCOOutputFreq_Value=360000000
ProjectManager.LastFirmware=true
PH0/OSC_IN.Signal=RCC_OSC_IN
SH.FMC_A6.0=FMC_A6,12b-sda1
RCC.APB2Freq_Value=90000000
PE14.Signal=FMC_D11_DA11
PE15.Signal=FMC_D12_DA12
MxCube.Version=6.2.1
Mcu.Pin37=PA14
SH.FMC_D13_DA13.ConfNb=1
Mcu.Pin38=PD0
Mcu.Pin35=PG8
PE8.Signal=FMC_D5_DA5
Mcu.Pin36=PA13
SH.FMC_D14_DA14.ConfNb=1
Mcu.Pin39=PD1
Mcu.Pin30=PD10
VP_SYS_VS_Systick.Mode=SysTick
RCC.EthernetFreq_Value=180000000
Mcu.Pin33=PG4
PA0/WKUP.GPIO_Label=B1 [Blue Button]
SH.FMC_D12_DA12.0=FMC_D12,sd-16b-d1
Mcu.Pin34=PG5
Mcu.Pin31=PD14
Mcu.Pin32=PD15
PF15.Signal=FMC_A9
NVIC.NonMaskableInt_IRQn=true\:0\:0\:false\:false\:true\:false\:false
PF13.Signal=FMC_A7
PF1.Signal=FMC_A1
SH.FMC_D11_DA11.ConfNb=1
PA13.Mode=Serial_Wire
PG14.GPIO_Label=LD4 [Red LED]
SH.FMC_SDNCAS.0=FMC_SDNCAS,12b-sda1
ProjectManager.FreePins=false
RCC.IPParameters=48MHZClocksFreq_Value,AHBFreq_Value,APB1CLKDivider,APB1Freq_Value,APB1TimFreq_Value,APB2CLKDivider,APB2Freq_Value,APB2TimFreq_Value,CortexFreq_Value,EthernetFreq_Value,FCLKCortexFreq_Value,FamilyName,HCLKFreq_Value,HSE_VALUE,HSI_VALUE,I2SClocksFreq_Value,LCDTFTFreq_Value,LSI_VALUE,MCO2PinFreq_Value,PLLCLKFreq_Value,PLLM,PLLN,PLLQCLKFreq_Value,PLLSAIN,PLLSourceVirtual,RCC_RTC_Clock_Source,RTCFreq_Value,RTCHSEDivFreq_Value,SAI_AClocksFreq_Value,SAI_BClocksFreq_Value,SYSCLKFreq_VALUE,SYSCLKSource,VCOI2SOutputFreq_Value,VCOInputFreq_Value,VCOOutputFreq_Value,VCOSAIOutputFreq_Value,VCOSAIOutputFreq_ValueQ,VCOSAIOutputFreq_ValueR,VcooutputI2S,VcooutputI2SQ
ProjectManager.AskForMigrate=true
Mcu.Name=STM32F429ZITx
PE0.Signal=FMC_NBL0
SH.FMC_NBL1.ConfNb=1
PE12.Signal=FMC_D9_DA9
Mcu.Pin26=PE14
Mcu.Pin27=PE15
RCC.RTCHSEDivFreq_Value=4000000
Mcu.Pin24=PE12
ProjectManager.UnderRoot=true
Mcu.Pin25=PE13
Mcu.Pin28=PD8
PD14.Signal=FMC_D0_DA0
Mcu.Pin29=PD9
ProjectManager.CoupleFile=false
SH.FMC_D7_DA7.ConfNb=1
RCC.48MHZClocksFreq_Value=90000000
RCC.SYSCLKFreq_VALUE=180000000
Mcu.Pin22=PE10
PB5.Signal=FMC_SDCKE1
Mcu.Pin23=PE11
Mcu.Pin20=PE8
Mcu.Pin21=PE9
NVIC.ForceEnableDMAVector=true
KeepUserPlacement=false
NVIC.MemoryManagement_IRQn=true\:0\:0\:false\:false\:true\:false\:false
SH.FMC_A10.ConfNb=1
PC15/OSC32_OUT.Mode=LSE-External-Oscillator
ProjectManager.CompilerOptimize=6
SH.FMC_A5.0=FMC_A5,12b-sda1
PA14.Signal=SYS_JTCK-SWCLK
SH.FMC_SDNRAS.ConfNb=1
ProjectManager.HeapSize=0x200
Mcu.Pin15=PF14
NVIC.HardFault_IRQn=true\:0\:0\:false\:false\:true\:false\:false
Mcu.Pin16=PF15
Mcu.Pin13=PF12
Mcu.Pin14=PF13
Mcu.Pin19=PE7
ProjectManager.ComputerToolchain=false
Mcu.Pin17=PG0
RCC.HSI_VALUE=16000000
Mcu.Pin18=PG1
NVIC.PriorityGroup=NVIC_PRIORITYGROUP_4
Mcu.Pin11=PA0/WKUP
Mcu.Pin12=PF11
RCC.PLLM=4
RCC.PLLN=180
Mcu.Pin10=PC0
PC15/OSC32_OUT.Signal=RCC_OSC32_OUT
PF4.Signal=FMC_A4
SH.FMC_D12_DA12.ConfNb=1
SH.FMC_D8_DA8.ConfNb=1
RCC.APB1Freq_Value=45000000
ProjectManager.DeviceId=STM32F429ZITx
ProjectManager.LibraryCopy=1
isbadioc=false
